
Microsoft Visual Studio Solution File, Format Version 12.00
# Visual Studio Version 16
VisualStudioVersion = 16.0.31515.178
MinimumVisualStudioVersion = 10.0.40219.1
Project("{FAE04EC0-301F-11D3-BF4B-00C04F79EFBC}") = "WebAdvertiseApplication", "WebAdvertiseApplication\WebAdvertiseApplication.csproj", "{A79BA9C2-2DF8-4AFB-ACA4-D3183B890E51}"
EndProject
Project("{FAE04EC0-301F-11D3-BF4B-00C04F79EFBC}") = "WebAdvertiseApplication.Tests", "WebAdvertiseApplication.Tests\WebAdvertiseApplication.Tests.csproj", "{E9C0E76B-6A8F-4678-9BEA-160D43C7BACE}"
EndProject
Global
	GlobalSection(SolutionConfigurationPlatforms) = preSolution
		Debug|Any CPU = Debug|Any CPU
		Release|Any CPU = Release|Any CPU
	EndGlobalSection
	GlobalSection(ProjectConfigurationPlatforms) = postSolution
		{A79BA9C2-2DF8-4AFB-ACA4-D3183B890E51}.Debug|Any CPU.ActiveCfg = Debug|Any CPU
		{A79BA9C2-2DF8-4AFB-ACA4-D3183B890E51}.Debug|Any CPU.Build.0 = Debug|Any CPU
		{A79BA9C2-2DF8-4AFB-ACA4-D3183B890E51}.Release|Any CPU.ActiveCfg = Release|Any CPU
		{A79BA9C2-2DF8-4AFB-ACA4-D3183B890E51}.Release|Any CPU.Build.0 = Release|Any CPU
		{E9C0E76B-6A8F-4678-9BEA-160D43C7BACE}.Debug|Any CPU.ActiveCfg = Debug|Any CPU
		{E9C0E76B-6A8F-4678-9BEA-160D43C7BACE}.Debug|Any CPU.Build.0 = Debug|Any CPU
		{E9C0E76B-6A8F-4678-9BEA-160D43C7BACE}.Release|Any CPU.ActiveCfg = Release|Any CPU
		{E9C0E76B-6A8F-4678-9BEA-160D43C7BACE}.Release|Any CPU.Build.0 = Release|Any CPU
	EndGlobalSection
	GlobalSection(SolutionProperties) = preSolution
		HideSolutionNode = FALSE
	EndGlobalSection
	GlobalSection(ExtensibilityGlobals) = postSolution
		SolutionGuid = {AB1CD778-19AF-4F22-BCBF-1AC4583CCDE1}
	EndGlobalSection
EndGlobal
